
Microsoft Visual Studio Solution File, Format Version 12.00
# Visual Studio 15
VisualStudioVersion = 15.0.27703.2035
MinimumVisualStudioVersion = 10.0.40219.1
Project("{888888A0-9F3D-457C-B088-3A5042F75D52}") = "GitToVsLocal", "GitToVsLocal\GitToVsLocal.pyproj", "{BBD96F4E-57C9-4C15-96C0-D955BD0686BA}"
EndProject
Global
	GlobalSection(SolutionConfigurationPlatforms) = preSolution
		Debug|Any CPU = Debug|Any CPU
		Release|Any CPU = Release|Any CPU
	EndGlobalSection
	GlobalSection(ProjectConfigurationPlatforms) = postSolution
		{BBD96F4E-57C9-4C15-96C0-D955BD0686BA}.Debug|Any CPU.ActiveCfg = Debug|Any CPU
		{BBD96F4E-57C9-4C15-96C0-D955BD0686BA}.Debug|Any CPU.Build.0 = Debug|Any CPU
		{BBD96F4E-57C9-4C15-96C0-D955BD0686BA}.Release|Any CPU.ActiveCfg = Release|Any CPU
		{BBD96F4E-57C9-4C15-96C0-D955BD0686BA}.Release|Any CPU.Build.0 = Release|Any CPU
	EndGlobalSection
	GlobalSection(SolutionProperties) = preSolution
		HideSolutionNode = FALSE
	EndGlobalSection
	GlobalSection(ExtensibilityGlobals) = postSolution
		SolutionGuid = {9CF5BA9C-EC25-4440-9E52-8B57166A4762}
	EndGlobalSection
EndGlobal
